
Microsoft Visual Studio Solution File, Format Version 12.00
# Visual Studio Version 16
VisualStudioVersion = 16.0.29926.136
MinimumVisualStudioVersion = 10.0.40219.1
Project("{9A19103F-16F7-4668-BE54-9A1E7A4F7556}") = "Step7.Exceptions", "ConsoleApp12\Step7.Exceptions.csproj", "{F03370E2-4DA2-4274-8656-0116065562BE}"
EndProject
Global
	GlobalSection(SolutionConfigurationPlatforms) = preSolution
		Debug|Any CPU = Debug|Any CPU
		Release|Any CPU = Release|Any CPU
	EndGlobalSection
	GlobalSection(ProjectConfigurationPlatforms) = postSolution
		{F03370E2-4DA2-4274-8656-0116065562BE}.Debug|Any CPU.ActiveCfg = Debug|Any CPU
		{F03370E2-4DA2-4274-8656-0116065562BE}.Debug|Any CPU.Build.0 = Debug|Any CPU
		{F03370E2-4DA2-4274-8656-0116065562BE}.Release|Any CPU.ActiveCfg = Release|Any CPU
		{F03370E2-4DA2-4274-8656-0116065562BE}.Release|Any CPU.Build.0 = Release|Any CPU
	EndGlobalSection
	GlobalSection(SolutionProperties) = preSolution
		HideSolutionNode = FALSE
	EndGlobalSection
	GlobalSection(ExtensibilityGlobals) = postSolution
		SolutionGuid = {321780FA-83E2-4481-82FA-333E7CE5806F}
	EndGlobalSection
EndGlobal
